Microsoft Visual Studio Solution File, Format Version 12.00
# Visual Studio Version 17
VisualStudioVersion = 17.0.31903.59
MinimumVisualStudioVersion = 10.0.40219.1
Project("{6EC3EE1D-E5BB-4503-8370-6A6D70F8BE50}") = "LiturgicalCalendar", "src\LiturgicalCalendar\LiturgicalCalendar.fsproj", "{GUID1}"
EndProject
Project("{6EC3EE1D-E5BB-4503-8370-6A6D70F8BE50}") = "LiturgicalCalendar.Tests", "tests\LiturgicalCalendar.Tests\LiturgicalCalendar.Tests.fsproj", "{GUID2}"
EndProject
Global
	GlobalSection(SolutionConfigurationPlatforms) = preSolution
		Debug|Any CPU = Debug|Any CPU
		Release|Any CPU = Release|Any CPU
	EndGlobalSection
	GlobalSection(ProjectConfigurationPlatforms) = postSolution
		{GUID1}.Debug|Any CPU.ActiveCfg = Debug|Any CPU
		{GUID1}.Debug|Any CPU.Build.0 = Debug|Any CPU
		{GUID1}.Release|Any CPU.ActiveCfg = Release|Any CPU
		{GUID1}.Release|Any CPU.Build.0 = Release|Any CPU
		{GUID2}.Debug|Any CPU.ActiveCfg = Debug|Any CPU
		{GUID2}.Debug|Any CPU.Build.0 = Debug|Any CPU
		{GUID2}.Release|Any CPU.ActiveCfg = Release|Any CPU
		{GUID2}.Release|Any CPU.Build.0 = Release|Any CPU
	EndGlobalSection
EndGlobal
